{
  "originHash" : "2a0967d99d40621389b6cf87c25d07afdff69d345b36a2e634b3b8ebb8ebf80d",
  "pins" : [
    {
      "identity" : "swift-custom-logger",
      "kind" : "remoteSourceControl",
      "location" : "https://github.com/nerzh/swift-custom-logger",
      "state" : {
        "revision" : "5eea143e6674a7a263b96cdf51e4db8bad07820c",
        "version" : "1.1.1"
      }
    },
    {
      "identity" : "swift-log",
      "kind" : "remoteSourceControl",
      "location" : "https://github.com/apple/swift-log",
      "state" : {
        "revision" : "5073617dac96330a486245e4c0179cb0a6fd2256",
        "version" : "1.12.0"
      }
    },
    {
      "identity" : "swift-regular-expression",
      "kind" : "remoteSourceControl",
      "location" : "https://github.com/nerzh/swift-regular-expression",
      "state" : {
        "revision" : "19c3e569a8e81da6f7f4ee3b73028c25737d3706",
        "version" : "0.2.4"
      }
    },
    {
      "identity" : "swift-telegram-bot",
      "kind" : "remoteSourceControl",
      "location" : "https://github.com/nerzh/swift-telegram-bot",
      "state" : {
        "revision" : "29797246915975917d5357d2ea872a1b04fdbb11",
        "version" : "10.0.0"
      }
    }
  ],
  "version" : 3
}
